
Microsoft Visual Studio Solution File, Format Version 12.00
# Visual Studio Version 16
VisualStudioVersion = 16.0.30114.105
MinimumVisualStudioVersion = 10.0.40219.1
Project("{FAE04EC0-301F-11D3-BF4B-00C04F79EFBC}") = "API", "API\API.csproj", "{2EBB022F-2F98-44D8-8B11-97343085385D}"
EndProject
Project("{FAE04EC0-301F-11D3-BF4B-00C04F79EFBC}") = "Application", "Application\Application.csproj", "{076FCD1E-EF53-48A1-9372-4373CD9EA57A}"
EndProject
Project("{FAE04EC0-301F-11D3-BF4B-00C04F79EFBC}") = "Persistence", "Persistence\Persistence.csproj", "{46DDBB17-C2DD-41F8-919C-09FD7D9193F3}"
EndProject
Project("{FAE04EC0-301F-11D3-BF4B-00C04F79EFBC}") = "Domain", "Domain\Domain.csproj", "{33CE1D5D-76A0-44C1-AD99-5345FFAA3636}"
EndProject
Project("{FAE04EC0-301F-11D3-BF4B-00C04F79EFBC}") = "Infrastructure", "Infrastructure\Infrastructure.csproj", "{FF7E7123-06F6-4D20-B231-2FA2C90E02AE}"
EndProject
Global
	GlobalSection(SolutionConfigurationPlatforms) = preSolution
		Debug|Any CPU = Debug|Any CPU
		Debug|x64 = Debug|x64
		Debug|x86 = Debug|x86
		Release|Any CPU = Release|Any CPU
		Release|x64 = Release|x64
		Release|x86 = Release|x86
	EndGlobalSection
	GlobalSection(SolutionProperties) = preSolution
		HideSolutionNode = FALSE
	EndGlobalSection
	GlobalSection(ProjectConfigurationPlatforms) = postSolution
		{2EBB022F-2F98-44D8-8B11-97343085385D}.Debug|Any CPU.ActiveCfg = Debug|Any CPU
		{2EBB022F-2F98-44D8-8B11-97343085385D}.Debug|Any CPU.Build.0 = Debug|Any CPU
		{2EBB022F-2F98-44D8-8B11-97343085385D}.Debug|x64.ActiveCfg = Debug|Any CPU
		{2EBB022F-2F98-44D8-8B11-97343085385D}.Debug|x64.Build.0 = Debug|Any CPU
		{2EBB022F-2F98-44D8-8B11-97343085385D}.Debug|x86.ActiveCfg = Debug|Any CPU
		{2EBB022F-2F98-44D8-8B11-97343085385D}.Debug|x86.Build.0 = Debug|Any CPU
		{2EBB022F-2F98-44D8-8B11-97343085385D}.Release|Any CPU.ActiveCfg = Release|Any CPU
		{2EBB022F-2F98-44D8-8B11-97343085385D}.Release|Any CPU.Build.0 = Release|Any CPU
		{2EBB022F-2F98-44D8-8B11-97343085385D}.Release|x64.ActiveCfg = Release|Any CPU
		{2EBB022F-2F98-44D8-8B11-97343085385D}.Release|x64.Build.0 = Release|Any CPU
		{2EBB022F-2F98-44D8-8B11-97343085385D}.Release|x86.ActiveCfg = Release|Any CPU
		{2EBB022F-2F98-44D8-8B11-97343085385D}.Release|x86.Build.0 = Release|Any CPU
		{076FCD1E-EF53-48A1-9372-4373CD9EA57A}.Debug|Any CPU.ActiveCfg = Debug|Any CPU
		{076FCD1E-EF53-48A1-9372-4373CD9EA57A}.Debug|Any CPU.Build.0 = Debug|Any CPU
		{076FCD1E-EF53-48A1-9372-4373CD9EA57A}.Debug|x64.ActiveCfg = Debug|Any CPU
		{076FCD1E-EF53-48A1-9372-4373CD9EA57A}.Debug|x64.Build.0 = Debug|Any CPU
		{076FCD1E-EF53-48A1-9372-4373CD9EA57A}.Debug|x86.ActiveCfg = Debug|Any CPU
		{076FCD1E-EF53-48A1-9372-4373CD9EA57A}.Debug|x86.Build.0 = Debug|Any CPU
		{076FCD1E-EF53-48A1-9372-4373CD9EA57A}.Release|Any CPU.ActiveCfg = Release|Any CPU
		{076FCD1E-EF53-48A1-9372-4373CD9EA57A}.Release|Any CPU.Build.0 = Release|Any CPU
		{076FCD1E-EF53-48A1-9372-4373CD9EA57A}.Release|x64.ActiveCfg = Release|Any CPU
		{076FCD1E-EF53-48A1-9372-4373CD9EA57A}.Release|x64.Build.0 = Release|Any CPU
		{076FCD1E-EF53-48A1-9372-4373CD9EA57A}.Release|x86.ActiveCfg = Release|Any CPU
		{076FCD1E-EF53-48A1-9372-4373CD9EA57A}.Release|x86.Build.0 = Release|Any CPU
		{46DDBB17-C2DD-41F8-919C-09FD7D9193F3}.Debug|Any CPU.ActiveCfg = Debug|Any CPU
		{46DDBB17-C2DD-41F8-919C-09FD7D9193F3}.Debug|Any CPU.Build.0 = Debug|Any CPU
		{46DDBB17-C2DD-41F8-919C-09FD7D9193F3}.Debug|x64.ActiveCfg = Debug|Any CPU
		{46DDBB17-C2DD-41F8-919C-09FD7D9193F3}.Debug|x64.Build.0 = Debug|Any CPU
		{46DDBB17-C2DD-41F8-919C-09FD7D9193F3}.Debug|x86.ActiveCfg = Debug|Any CPU
		{46DDBB17-C2DD-41F8-919C-09FD7D9193F3}.Debug|x86.Build.0 = Debug|Any CPU
		{46DDBB17-C2DD-41F8-919C-09FD7D9193F3}.Release|Any CPU.ActiveCfg = Release|Any CPU
		{46DDBB17-C2DD-41F8-919C-09FD7D9193F3}.Release|Any CPU.Build.0 = Release|Any CPU
		{46DDBB17-C2DD-41F8-919C-09FD7D9193F3}.Release|x64.ActiveCfg = Release|Any CPU
		{46DDBB17-C2DD-41F8-919C-09FD7D9193F3}.Release|x64.Build.0 = Release|Any CPU
		{46DDBB17-C2DD-41F8-919C-09FD7D9193F3}.Release|x86.ActiveCfg = Release|Any CPU
		{46DDBB17-C2DD-41F8-919C-09FD7D9193F3}.Release|x86.Build.0 = Release|Any CPU
		{33CE1D5D-76A0-44C1-AD99-5345FFAA3636}.Debug|Any CPU.ActiveCfg = Debug|Any CPU
		{33CE1D5D-76A0-44C1-AD99-5345FFAA3636}.Debug|Any CPU.Build.0 = Debug|Any CPU
		{33CE1D5D-76A0-44C1-AD99-5345FFAA3636}.Debug|x64.ActiveCfg = Debug|Any CPU
		{33CE1D5D-76A0-44C1-AD99-5345FFAA3636}.Debug|x64.Build.0 = Debug|Any CPU
		{33CE1D5D-76A0-44C1-AD99-5345FFAA3636}.Debug|x86.ActiveCfg = Debug|Any CPU
		{33CE1D5D-76A0-44C1-AD99-5345FFAA3636}.Debug|x86.Build.0 = Debug|Any CPU
		{33CE1D5D-76A0-44C1-AD99-5345FFAA3636}.Release|Any CPU.ActiveCfg = Release|Any CPU
		{33CE1D5D-76A0-44C1-AD99-5345FFAA3636}.Release|Any CPU.Build.0 = Release|Any CPU
		{33CE1D5D-76A0-44C1-AD99-5345FFAA3636}.Release|x64.ActiveCfg = Release|Any CPU
		{33CE1D5D-76A0-44C1-AD99-5345FFAA3636}.Release|x64.Build.0 = Release|Any CPU
		{33CE1D5D-76A0-44C1-AD99-5345FFAA3636}.Release|x86.ActiveCfg = Release|Any CPU
		{33CE1D5D-76A0-44C1-AD99-5345FFAA3636}.Release|x86.Build.0 = Release|Any CPU
		{FF7E7123-06F6-4D20-B231-2FA2C90E02AE}.Debug|Any CPU.ActiveCfg = Debug|Any CPU
		{FF7E7123-06F6-4D20-B231-2FA2C90E02AE}.Debug|Any CPU.Build.0 = Debug|Any CPU
		{FF7E7123-06F6-4D20-B231-2FA2C90E02AE}.Debug|x64.ActiveCfg = Debug|Any CPU
		{FF7E7123-06F6-4D20-B231-2FA2C90E02AE}.Debug|x64.Build.0 = Debug|Any CPU
		{FF7E7123-06F6-4D20-B231-2FA2C90E02AE}.Debug|x86.ActiveCfg = Debug|Any CPU
		{FF7E7123-06F6-4D20-B231-2FA2C90E02AE}.Debug|x86.Build.0 = Debug|Any CPU
		{FF7E7123-06F6-4D20-B231-2FA2C90E02AE}.Release|Any CPU.ActiveCfg = Release|Any CPU
		{FF7E7123-06F6-4D20-B231-2FA2C90E02AE}.Release|Any CPU.Build.0 = Release|Any CPU
		{FF7E7123-06F6-4D20-B231-2FA2C90E02AE}.Release|x64.ActiveCfg = Release|Any CPU
		{FF7E7123-06F6-4D20-B231-2FA2C90E02AE}.Release|x64.Build.0 = Release|Any CPU
		{FF7E7123-06F6-4D20-B231-2FA2C90E02AE}.Release|x86.ActiveCfg = Release|Any CPU
		{FF7E7123-06F6-4D20-B231-2FA2C90E02AE}.Release|x86.Build.0 = Release|Any CPU
	EndGlobalSection
EndGlobal
